{
  "originHash" : "110fcf425b6bfce37daea4ee602bd5e86bddf0b092e4febbb325670f0efd9ea1",
  "pins" : [
    {
      "identity" : "tinymoon",
      "kind" : "remoteSourceControl",
      "location" : "https://github.com/mannylopez/TinyMoon.git",
      "state" : {
        "revision" : "521310a2ff995dd724bbc6e66a094e60f6dc1724",
        "version" : "3.0.1"
      }
    }
  ],
  "version" : 3
}
